
Microsoft Visual Studio Solution File, Format Version 12.00
# Visual Studio 15
VisualStudioVersion = 15.0.27703.2035
MinimumVisualStudioVersion = 10.0.40219.1
Project("{FAE04EC0-301F-11D3-BF4B-00C04F79EFBC}") = "AppName.Web", "AppName.Web\AppName.Web.csproj", "{22AA496E-26BD-46EB-83C7-855B0B0468E8}"
EndProject
Project("{FAE04EC0-301F-11D3-BF4B-00C04F79EFBC}") = "AppName.Models", "AppName.Models\AppName.Models.csproj", "{40FEDE5E-554F-4BB7-A5FA-2BB25A26723B}"
EndProject
Project("{FAE04EC0-301F-11D3-BF4B-00C04F79EFBC}") = "AppName.DataAccess", "AppNameDataAccess\AppName.DataAccess.csproj", "{C002675B-1E35-40EB-BBA1-48C8988B1333}"
EndProject
Global
	GlobalSection(SolutionConfigurationPlatforms) = preSolution
		Debug|Any CPU = Debug|Any CPU
		Release|Any CPU = Release|Any CPU
	EndGlobalSection
	GlobalSection(ProjectConfigurationPlatforms) = postSolution
		{22AA496E-26BD-46EB-83C7-855B0B0468E8}.Debug|Any CPU.ActiveCfg = Debug|Any CPU
		{22AA496E-26BD-46EB-83C7-855B0B0468E8}.Debug|Any CPU.Build.0 = Debug|Any CPU
		{22AA496E-26BD-46EB-83C7-855B0B0468E8}.Release|Any CPU.ActiveCfg = Release|Any CPU
		{22AA496E-26BD-46EB-83C7-855B0B0468E8}.Release|Any CPU.Build.0 = Release|Any CPU
		{40FEDE5E-554F-4BB7-A5FA-2BB25A26723B}.Debug|Any CPU.ActiveCfg = Debug|Any CPU
		{40FEDE5E-554F-4BB7-A5FA-2BB25A26723B}.Debug|Any CPU.Build.0 = Debug|Any CPU
		{40FEDE5E-554F-4BB7-A5FA-2BB25A26723B}.Release|Any CPU.ActiveCfg = Release|Any CPU
		{40FEDE5E-554F-4BB7-A5FA-2BB25A26723B}.Release|Any CPU.Build.0 = Release|Any CPU
		{C002675B-1E35-40EB-BBA1-48C8988B1333}.Debug|Any CPU.ActiveCfg = Debug|Any CPU
		{C002675B-1E35-40EB-BBA1-48C8988B1333}.Debug|Any CPU.Build.0 = Debug|Any CPU
		{C002675B-1E35-40EB-BBA1-48C8988B1333}.Release|Any CPU.ActiveCfg = Release|Any CPU
		{C002675B-1E35-40EB-BBA1-48C8988B1333}.Release|Any CPU.Build.0 = Release|Any CPU
	EndGlobalSection
	GlobalSection(SolutionProperties) = preSolution
		HideSolutionNode = FALSE
	EndGlobalSection
	GlobalSection(ExtensibilityGlobals) = postSolution
		SolutionGuid = {1D54930B-497B-45F6-BCD6-24CDE8A24CE0}
	EndGlobalSection
EndGlobal
